// !$*UTF8*$!
{
	archiveVersion = 1;
	classes = {
	};
	objectVersion = 55;
	objects = {

/* Begin PBXBuildFile section */
		4DB9FA7C270592E400B36E98 /* Alamofire in Frameworks */ = {isa = PBXBuildFile; productRef = 4DB9FA7B270592E400B36E98 /* Alamofire */; };
		4DB9FA7F2705930A00B36E98 /* AlamofireImage in Frameworks */ = {isa = PBXBuildFile; productRef = 4DB9FA7E2705930A00B36E98 /* AlamofireImage */; };
		B9D64CFE27030340000DDB95 /* AppDelegate.swift in Sources */ = {isa = PBXBuildFile; fileRef = B9D64CFD27030340000DDB95 /* AppDelegate.swift */; };
		B9D64D0027030340000DDB95 /* SceneDelegate.swift in Sources */ = {isa = PBXBuildFile; fileRef = B9D64CFF27030340000DDB95 /* SceneDelegate.swift */; };
		B9D64D0227030340000DDB95 /* MainController.swift in Sources */ = {isa = PBXBuildFile; fileRef = B9D64D0127030340000DDB95 /* MainController.swift */; };
		B9D64D0527030340000DDB95 /* Main.storyboard in Resources */ = {isa = PBXBuildFile; fileRef = B9D64D0327030340000DDB95 /* Main.storyboard */; };
		B9D64D0727030341000DDB95 /* Assets.xcassets in Resources */ = {isa = PBXBuildFile; fileRef = B9D64D0627030341000DDB95 /* Assets.xcassets */; };
		B9D64D0A27030341000DDB95 /* LaunchScreen.storyboard in Resources */ = {isa = PBXBuildFile; fileRef = B9D64D0827030341000DDB95 /* LaunchScreen.storyboard */; };
		C3318D6C2706EF4E002294EC /* HomeViewModel.swift in Sources */ = {isa = PBXBuildFile; fileRef = C3318D6B2706EF4E002294EC /* HomeViewModel.swift */; };
		C366D2D72706F39F00EF1E0C /* HomeCategoryCell.swift in Sources */ = {isa = PBXBuildFile; fileRef = C366D2D52706F39F00EF1E0C /* HomeCategoryCell.swift */; };
		C366D2D82706F39F00EF1E0C /* HomeCategoryCell.xib in Resources */ = {isa = PBXBuildFile; fileRef = C366D2D62706F39F00EF1E0C /* HomeCategoryCell.xib */; };
		C366D2DB2706F47E00EF1E0C /* HomeCategoryCollectionCell.swift in Sources */ = {isa = PBXBuildFile; fileRef = C366D2D92706F47E00EF1E0C /* HomeCategoryCollectionCell.swift */; };
		C366D2DC2706F47E00EF1E0C /* HomeCategoryCollectionCell.xib in Resources */ = {isa = PBXBuildFile; fileRef = C366D2DA2706F47E00EF1E0C /* HomeCategoryCollectionCell.xib */; };
		C366D2DE2706F98700EF1E0C /* Home.storyboard in Resources */ = {isa = PBXBuildFile; fileRef = C366D2DD2706F98700EF1E0C /* Home.storyboard */; };
		C366D2E02706F9E700EF1E0C /* HomeController.swift in Sources */ = {isa = PBXBuildFile; fileRef = C366D2DF2706F9E700EF1E0C /* HomeController.swift */; };
		C366D2E32706FC0F00EF1E0C /* BannerPromoCell.swift in Sources */ = {isa = PBXBuildFile; fileRef = C366D2E12706FC0F00EF1E0C /* BannerPromoCell.swift */; };
		C366D2E42706FC0F00EF1E0C /* BannerPromoCell.xib in Resources */ = {isa = PBXBuildFile; fileRef = C366D2E22706FC0F00EF1E0C /* BannerPromoCell.xib */; };
		C366D2E72706FD3C00EF1E0C /* HotProductCell.swift in Sources */ = {isa = PBXBuildFile; fileRef = C366D2E52706FD3C00EF1E0C /* HotProductCell.swift */; };
		C366D2E82706FD3C00EF1E0C /* HotProductCell.xib in Resources */ = {isa = PBXBuildFile; fileRef = C366D2E62706FD3C00EF1E0C /* HotProductCell.xib */; };
		C366D2EB2706FD5500EF1E0C /* BannerCollectionCell.swift in Sources */ = {isa = PBXBuildFile; fileRef = C366D2E92706FD5500EF1E0C /* BannerCollectionCell.swift */; };
		C366D2EC2706FD5500EF1E0C /* BannerCollectionCell.xib in Resources */ = {isa = PBXBuildFile; fileRef = C366D2EA2706FD5500EF1E0C /* BannerCollectionCell.xib */; };
		C366D2EF270700BE00EF1E0C /* HotProductCollectionCell.swift in Sources */ = {isa = PBXBuildFile; fileRef = C366D2ED270700BE00EF1E0C /* HotProductCollectionCell.swift */; };
		C366D2F0270700BE00EF1E0C /* HotProductCollectionCell.xib in Resources */ = {isa = PBXBuildFile; fileRef = C366D2EE270700BE00EF1E0C /* HotProductCollectionCell.xib */; };
		C366D2F227071C7200EF1E0C /* TabBar.storyboard in Resources */ = {isa = PBXBuildFile; fileRef = C366D2F127071C7200EF1E0C /* TabBar.storyboard */; };
		C366D2F42707211C00EF1E0C /* AuthenticationController.swift in Sources */ = {isa = PBXBuildFile; fileRef = C366D2F32707211C00EF1E0C /* AuthenticationController.swift */; };
		C366D2F62707212E00EF1E0C /* Authentication.storyboard in Resources */ = {isa = PBXBuildFile; fileRef = C366D2F52707212E00EF1E0C /* Authentication.storyboard */; };
		C366D331270C3B5B00EF1E0C /* TabBarController.swift in Sources */ = {isa = PBXBuildFile; fileRef = C366D330270C3B5B00EF1E0C /* TabBarController.swift */; };
		C366D362270DA7A100EF1E0C /* SearchUpdaterController.swift in Sources */ = {isa = PBXBuildFile; fileRef = C366D360270DA7A100EF1E0C /* SearchUpdaterController.swift */; };
		C366D363270DA7A100EF1E0C /* SearchUpdaterController.xib in Resources */ = {isa = PBXBuildFile; fileRef = C366D361270DA7A100EF1E0C /* SearchUpdaterController.xib */; };
		C366D366270DA90B00EF1E0C /* SearchUpdaterLastSeenCell.swift in Sources */ = {isa = PBXBuildFile; fileRef = C366D364270DA90B00EF1E0C /* SearchUpdaterLastSeenCell.swift */; };
		C366D367270DA90B00EF1E0C /* SearchUpdaterLastSeenCell.xib in Resources */ = {isa = PBXBuildFile; fileRef = C366D365270DA90B00EF1E0C /* SearchUpdaterLastSeenCell.xib */; };
		C3C94D8927059ABE00688485 /* AdaSuplaiTests.swift in Sources */ = {isa = PBXBuildFile; fileRef = C3C94D8827059ABE00688485 /* AdaSuplaiTests.swift */; };
		C3C94D9627059C6400688485 /* AuthenticationViewModel.swift in Sources */ = {isa = PBXBuildFile; fileRef = C3C94D9527059C6400688485 /* AuthenticationViewModel.swift */; };
		C3C94D9A27059CF000688485 /* BaseViewModel.swift in Sources */ = {isa = PBXBuildFile; fileRef = C3C94D9927059CF000688485 /* BaseViewModel.swift */; };
		C3C94D9D27059D7C00688485 /* BaseUIViewController.swift in Sources */ = {isa = PBXBuildFile; fileRef = C3C94D9C27059D7C00688485 /* BaseUIViewController.swift */; };
		C3C94DA027059ED500688485 /* Extension-Identifiable.swift in Sources */ = {isa = PBXBuildFile; fileRef = C3C94D9F27059ED500688485 /* Extension-Identifiable.swift */; };
		C3C94DA227059F2700688485 /* Extension-UIView.swift in Sources */ = {isa = PBXBuildFile; fileRef = C3C94DA127059F2700688485 /* Extension-UIView.swift */; };
		C3C94DA72705A07100688485 /* Model.swift in Sources */ = {isa = PBXBuildFile; fileRef = C3C94DA62705A07100688485 /* Model.swift */; };
/* End PBXBuildFile section */

/* Begin PBXContainerItemProxy section */
		C3C94D8A27059ABE00688485 /* PBXContainerItemProxy */ = {
			isa = PBXContainerItemProxy;
			containerPortal = B9D64CF227030340000DDB95 /* Project object */;
			proxyType = 1;
			remoteGlobalIDString = B9D64CF927030340000DDB95;
			remoteInfo = AdaSuplai;
		};
/* End PBXContainerItemProxy section */

/* Begin PBXFileReference section */
		B9D64CFA27030340000DDB95 /* AdaSuplai.app */ = {isa = PBXFileReference; explicitFileType = wrapper.application; includeInIndex = 0; path = AdaSuplai.app; sourceTree = BUILT_PRODUCTS_DIR; };
		B9D64CFD27030340000DDB95 /* AppDelegate.swift */ = {isa = PBXFileReference; lastKnownFileType = sourcecode.swift; path = AppDelegate.swift; sourceTree = "<group>"; };
		B9D64CFF27030340000DDB95 /* SceneDelegate.swift */ = {isa = PBXFileReference; lastKnownFileType = sourcecode.swift; path = SceneDelegate.swift; sourceTree = "<group>"; };
		B9D64D0127030340000DDB95 /* MainController.swift */ = {isa = PBXFileReference; lastKnownFileType = sourcecode.swift; path = MainController.swift; sourceTree = "<group>"; };
		B9D64D0427030340000DDB95 /* Base */ = {isa = PBXFileReference; lastKnownFileType = file.storyboard; name = Base; path = Base.lproj/Main.storyboard; sourceTree = "<group>"; };
		B9D64D0627030341000DDB95 /* Assets.xcassets */ = {isa = PBXFileReference; lastKnownFileType = folder.assetcatalog; path = Assets.xcassets; sourceTree = "<group>"; };
		B9D64D0927030341000DDB95 /* Base */ = {isa = PBXFileReference; lastKnownFileType = file.storyboard; name = Base; path = Base.lproj/LaunchScreen.storyboard; sourceTree = "<group>"; };
		B9D64D0B27030341000DDB95 /* Info.plist */ = {isa = PBXFileReference; lastKnownFileType = text.plist.xml; name = Info.plist; path = "AdaSuplai/Main Resource/Info.plist"; sourceTree = SOURCE_ROOT; };
		C3318D6B2706EF4E002294EC /* HomeViewModel.swift */ = {isa = PBXFileReference; lastKnownFileType = sourcecode.swift; path = HomeViewModel.swift; sourceTree = "<group>"; };
		C366D2D52706F39F00EF1E0C /* HomeCategoryCell.swift */ = {isa = PBXFileReference; lastKnownFileType = sourcecode.swift; path = HomeCategoryCell.swift; sourceTree = "<group>"; };
		C366D2D62706F39F00EF1E0C /* HomeCategoryCell.xib */ = {isa = PBXFileReference; lastKnownFileType = file.xib; path = HomeCategoryCell.xib; sourceTree = "<group>"; };
		C366D2D92706F47E00EF1E0C /* HomeCategoryCollectionCell.swift */ = {isa = PBXFileReference; lastKnownFileType = sourcecode.swift; path = HomeCategoryCollectionCell.swift; sourceTree = "<group>"; };
		C366D2DA2706F47E00EF1E0C /* HomeCategoryCollectionCell.xib */ = {isa = PBXFileReference; lastKnownFileType = file.xib; path = HomeCategoryCollectionCell.xib; sourceTree = "<group>"; };
		C366D2DD2706F98700EF1E0C /* Home.storyboard */ = {isa = PBXFileReference; lastKnownFileType = file.storyboard; path = Home.storyboard; sourceTree = "<group>"; };
		C366D2DF2706F9E700EF1E0C /* HomeController.swift */ = {isa = PBXFileReference; lastKnownFileType = sourcecode.swift; path = HomeController.swift; sourceTree = "<group>"; };
		C366D2E12706FC0F00EF1E0C /* BannerPromoCell.swift */ = {isa = PBXFileReference; lastKnownFileType = sourcecode.swift; path = BannerPromoCell.swift; sourceTree = "<group>"; };
		C366D2E22706FC0F00EF1E0C /* BannerPromoCell.xib */ = {isa = PBXFileReference; lastKnownFileType = file.xib; path = BannerPromoCell.xib; sourceTree = "<group>"; };
		C366D2E52706FD3C00EF1E0C /* HotProductCell.swift */ = {isa = PBXFileReference; lastKnownFileType = sourcecode.swift; path = HotProductCell.swift; sourceTree = "<group>"; };
		C366D2E62706FD3C00EF1E0C /* HotProductCell.xib */ = {isa = PBXFileReference; lastKnownFileType = file.xib; path = HotProductCell.xib; sourceTree = "<group>"; };
		C366D2E92706FD5500EF1E0C /* BannerCollectionCell.swift */ = {isa = PBXFileReference; lastKnownFileType = sourcecode.swift; path = BannerCollectionCell.swift; sourceTree = "<group>"; };
		C366D2EA2706FD5500EF1E0C /* BannerCollectionCell.xib */ = {isa = PBXFileReference; lastKnownFileType = file.xib; path = BannerCollectionCell.xib; sourceTree = "<group>"; };
		C366D2ED270700BE00EF1E0C /* HotProductCollectionCell.swift */ = {isa = PBXFileReference; lastKnownFileType = sourcecode.swift; path = HotProductCollectionCell.swift; sourceTree = "<group>"; };
		C366D2EE270700BE00EF1E0C /* HotProductCollectionCell.xib */ = {isa = PBXFileReference; lastKnownFileType = file.xib; path = HotProductCollectionCell.xib; sourceTree = "<group>"; };
		C366D2F127071C7200EF1E0C /* TabBar.storyboard */ = {isa = PBXFileReference; lastKnownFileType = file.storyboard; path = TabBar.storyboard; sourceTree = "<group>"; };
		C366D2F32707211C00EF1E0C /* AuthenticationController.swift */ = {isa = PBXFileReference; lastKnownFileType = sourcecode.swift; path = AuthenticationController.swift; sourceTree = "<group>"; };
		C366D2F52707212E00EF1E0C /* Authentication.storyboard */ = {isa = PBXFileReference; lastKnownFileType = file.storyboard; path = Authentication.storyboard; sourceTree = "<group>"; };
		C366D330270C3B5B00EF1E0C /* TabBarController.swift */ = {isa = PBXFileReference; lastKnownFileType = sourcecode.swift; path = TabBarController.swift; sourceTree = "<group>"; };
		C366D360270DA7A100EF1E0C /* SearchUpdaterController.swift */ = {isa = PBXFileReference; lastKnownFileType = sourcecode.swift; path = SearchUpdaterController.swift; sourceTree = "<group>"; };
		C366D361270DA7A100EF1E0C /* SearchUpdaterController.xib */ = {isa = PBXFileReference; lastKnownFileType = file.xib; path = SearchUpdaterController.xib; sourceTree = "<group>"; };
		C366D364270DA90B00EF1E0C /* SearchUpdaterLastSeenCell.swift */ = {isa = PBXFileReference; lastKnownFileType = sourcecode.swift; path = SearchUpdaterLastSeenCell.swift; sourceTree = "<group>"; };
		C366D365270DA90B00EF1E0C /* SearchUpdaterLastSeenCell.xib */ = {isa = PBXFileReference; lastKnownFileType = file.xib; path = SearchUpdaterLastSeenCell.xib; sourceTree = "<group>"; };
		C3C94D8627059ABE00688485 /* AdaSuplaiTests.xctest */ = {isa = PBXFileReference; explicitFileType = wrapper.cfbundle; includeInIndex = 0; path = AdaSuplaiTests.xctest; sourceTree = BUILT_PRODUCTS_DIR; };
		C3C94D8827059ABE00688485 /* AdaSuplaiTests.swift */ = {isa = PBXFileReference; lastKnownFileType = sourcecode.swift; path = AdaSuplaiTests.swift; sourceTree = "<group>"; };
		C3C94D9527059C6400688485 /* AuthenticationViewModel.swift */ = {isa = PBXFileReference; lastKnownFileType = sourcecode.swift; path = AuthenticationViewModel.swift; sourceTree = "<group>"; };
		C3C94D9927059CF000688485 /* BaseViewModel.swift */ = {isa = PBXFileReference; lastKnownFileType = sourcecode.swift; path = BaseViewModel.swift; sourceTree = "<group>"; };
		C3C94D9C27059D7C00688485 /* BaseUIViewController.swift */ = {isa = PBXFileReference; lastKnownFileType = sourcecode.swift; path = BaseUIViewController.swift; sourceTree = "<group>"; };
		C3C94D9F27059ED500688485 /* Extension-Identifiable.swift */ = {isa = PBXFileReference; lastKnownFileType = sourcecode.swift; path = "Extension-Identifiable.swift"; sourceTree = "<group>"; };
		C3C94DA127059F2700688485 /* Extension-UIView.swift */ = {isa = PBXFileReference; lastKnownFileType = sourcecode.swift; path = "Extension-UIView.swift"; sourceTree = "<group>"; };
		C3C94DA62705A07100688485 /* Model.swift */ = {isa = PBXFileReference; lastKnownFileType = sourcecode.swift; path = Model.swift; sourceTree = "<group>"; };
/* End PBXFileReference section */

/* Begin PBXFrameworksBuildPhase section */
		B9D64CF727030340000DDB95 /* Frameworks */ = {
			isa = PBXFrameworksBuildPhase;
			buildActionMask = 2147483647;
			files = (
				4DB9FA7C270592E400B36E98 /* Alamofire in Frameworks */,
				4DB9FA7F2705930A00B36E98 /* AlamofireImage in Frameworks */,
			);
			runOnlyForDeploymentPostprocessing = 0;
		};
		C3C94D8327059ABE00688485 /* Frameworks */ = {
			isa = PBXFrameworksBuildPhase;
			buildActionMask = 2147483647;
			files = (
			);
			runOnlyForDeploymentPostprocessing = 0;
		};
/* End PBXFrameworksBuildPhase section */

/* Begin PBXGroup section */
		B9D64CF127030340000DDB95 = {
			isa = PBXGroup;
			children = (
				B9D64CFC27030340000DDB95 /* AdaSuplai */,
				C3C94D8727059ABE00688485 /* AdaSuplaiTests */,
				B9D64CFB27030340000DDB95 /* Products */,
			);
			sourceTree = "<group>";
			usesTabs = 0;
		};
		B9D64CFB27030340000DDB95 /* Products */ = {
			isa = PBXGroup;
			children = (
				B9D64CFA27030340000DDB95 /* AdaSuplai.app */,
				C3C94D8627059ABE00688485 /* AdaSuplaiTests.xctest */,
			);
			name = Products;
			sourceTree = "<group>";
		};
		B9D64CFC27030340000DDB95 /* AdaSuplai */ = {
			isa = PBXGroup;
			children = (
				C3C94D8F27059AEB00688485 /* Main Resource */,
				C3C94D9727059C7B00688485 /* Core */,
				C3C94D9B27059D3200688485 /* Module */,
			);
			path = AdaSuplai;
			sourceTree = "<group>";
		};
		C3318D6A2706EF37002294EC /* Home */ = {
			isa = PBXGroup;
			children = (
				C3318D772706F32F002294EC /* ViewModel */,
				C3318D762706F31E002294EC /* Controller */,
				C3318D752706F318002294EC /* View */,
			);
			path = Home;
			sourceTree = "<group>";
		};
		C3318D752706F318002294EC /* View */ = {
			isa = PBXGroup;
			children = (
				C366D361270DA7A100EF1E0C /* SearchUpdaterController.xib */,
				C366D2DD2706F98700EF1E0C /* Home.storyboard */,
				C3318D782706F340002294EC /* Cell */,
			);
			path = View;
			sourceTree = "<group>";
		};
		C3318D762706F31E002294EC /* Controller */ = {
			isa = PBXGroup;
			children = (
				C366D2DF2706F9E700EF1E0C /* HomeController.swift */,
				C366D360270DA7A100EF1E0C /* SearchUpdaterController.swift */,
			);
			path = Controller;
			sourceTree = "<group>";
		};
		C3318D772706F32F002294EC /* ViewModel */ = {
			isa = PBXGroup;
			children = (
				C3318D6B2706EF4E002294EC /* HomeViewModel.swift */,
			);
			path = ViewModel;
			sourceTree = "<group>";
		};
		C3318D782706F340002294EC /* Cell */ = {
			isa = PBXGroup;
			children = (
				C366D2D52706F39F00EF1E0C /* HomeCategoryCell.swift */,
				C366D2D62706F39F00EF1E0C /* HomeCategoryCell.xib */,
				C366D2D92706F47E00EF1E0C /* HomeCategoryCollectionCell.swift */,
				C366D2DA2706F47E00EF1E0C /* HomeCategoryCollectionCell.xib */,
				C366D2E12706FC0F00EF1E0C /* BannerPromoCell.swift */,
				C366D2E22706FC0F00EF1E0C /* BannerPromoCell.xib */,
				C366D2E92706FD5500EF1E0C /* BannerCollectionCell.swift */,
				C366D2EA2706FD5500EF1E0C /* BannerCollectionCell.xib */,
				C366D2E52706FD3C00EF1E0C /* HotProductCell.swift */,
				C366D2E62706FD3C00EF1E0C /* HotProductCell.xib */,
				C366D2ED270700BE00EF1E0C /* HotProductCollectionCell.swift */,
				C366D2EE270700BE00EF1E0C /* HotProductCollectionCell.xib */,
				C366D364270DA90B00EF1E0C /* SearchUpdaterLastSeenCell.swift */,
				C366D365270DA90B00EF1E0C /* SearchUpdaterLastSeenCell.xib */,
			);
			path = Cell;
			sourceTree = "<group>";
		};
		C366D2F72707214800EF1E0C /* MainView */ = {
			isa = PBXGroup;
			children = (
				B9D64D0127030340000DDB95 /* MainController.swift */,
				B9D64D0327030340000DDB95 /* Main.storyboard */,
				C366D2F127071C7200EF1E0C /* TabBar.storyboard */,
				C366D330270C3B5B00EF1E0C /* TabBarController.swift */,
			);
			path = MainView;
			sourceTree = "<group>";
		};
		C3C94D8727059ABE00688485 /* AdaSuplaiTests */ = {
			isa = PBXGroup;
			children = (
				C3C94D8827059ABE00688485 /* AdaSuplaiTests.swift */,
			);
			path = AdaSuplaiTests;
			sourceTree = "<group>";
		};
		C3C94D8F27059AEB00688485 /* Main Resource */ = {
			isa = PBXGroup;
			children = (
				C3C94D9027059AFD00688485 /* Base */,
				B9D64D0827030341000DDB95 /* LaunchScreen.storyboard */,
				B9D64D0627030341000DDB95 /* Assets.xcassets */,
				B9D64D0B27030341000DDB95 /* Info.plist */,
			);
			path = "Main Resource";
			sourceTree = "<group>";
		};
		C3C94D9027059AFD00688485 /* Base */ = {
			isa = PBXGroup;
			children = (
				B9D64CFD27030340000DDB95 /* AppDelegate.swift */,
				B9D64CFF27030340000DDB95 /* SceneDelegate.swift */,
			);
			path = Base;
			sourceTree = "<group>";
		};
		C3C94D9127059C1800688485 /* Authentication */ = {
			isa = PBXGroup;
			children = (
				C3C94D9427059C5500688485 /* ViewModel */,
				C3C94D9227059C3A00688485 /* Controller */,
				C3C94D9327059C4500688485 /* View */,
			);
			path = Authentication;
			sourceTree = "<group>";
		};
		C3C94D9227059C3A00688485 /* Controller */ = {
			isa = PBXGroup;
			children = (
				C366D2F32707211C00EF1E0C /* AuthenticationController.swift */,
			);
			path = Controller;
			sourceTree = "<group>";
		};
		C3C94D9327059C4500688485 /* View */ = {
			isa = PBXGroup;
			children = (
				C366D2F52707212E00EF1E0C /* Authentication.storyboard */,
			);
			path = View;
			sourceTree = "<group>";
		};
		C3C94D9427059C5500688485 /* ViewModel */ = {
			isa = PBXGroup;
			children = (
				C3C94D9527059C6400688485 /* AuthenticationViewModel.swift */,
			);
			path = ViewModel;
			sourceTree = "<group>";
		};
		C3C94D9727059C7B00688485 /* Core */ = {
			isa = PBXGroup;
			children = (
				C3C94DA52705A06600688485 /* Model */,
				C3C94D9E27059EBE00688485 /* Helper */,
				C3C94D9827059C8A00688485 /* Base */,
			);
			path = Core;
			sourceTree = "<group>";
		};
		C3C94D9827059C8A00688485 /* Base */ = {
			isa = PBXGroup;
			children = (
				C3C94D9927059CF000688485 /* BaseViewModel.swift */,
				C3C94D9C27059D7C00688485 /* BaseUIViewController.swift */,
				C366D2F72707214800EF1E0C /* MainView */,
			);
			path = Base;
			sourceTree = "<group>";
		};
		C3C94D9B27059D3200688485 /* Module */ = {
			isa = PBXGroup;
			children = (
				C3318D6A2706EF37002294EC /* Home */,
				C3C94D9127059C1800688485 /* Authentication */,
			);
			path = Module;
			sourceTree = "<group>";
		};
		C3C94D9E27059EBE00688485 /* Helper */ = {
			isa = PBXGroup;
			children = (
				C3C94D9F27059ED500688485 /* Extension-Identifiable.swift */,
				C3C94DA127059F2700688485 /* Extension-UIView.swift */,
			);
			path = Helper;
			sourceTree = "<group>";
		};
		C3C94DA52705A06600688485 /* Model */ = {
			isa = PBXGroup;
			children = (
				C3C94DA62705A07100688485 /* Model.swift */,
			);
			path = Model;
			sourceTree = "<group>";
		};
/* End PBXGroup section */

/* Begin PBXNativeTarget section */
		B9D64CF927030340000DDB95 /* AdaSuplai */ = {
			isa = PBXNativeTarget;
			buildConfigurationList = B9D64D0E27030341000DDB95 /* Build configuration list for PBXNativeTarget "AdaSuplai" */;
			buildPhases = (
				4DB9FA792704A19300B36E98 /* Run SwiftLint */,
				B9D64CF627030340000DDB95 /* Sources */,
				B9D64CF727030340000DDB95 /* Frameworks */,
				B9D64CF827030340000DDB95 /* Resources */,
			);
			buildRules = (
			);
			dependencies = (
			);
			name = AdaSuplai;
			packageProductDependencies = (
				4DB9FA7B270592E400B36E98 /* Alamofire */,
				4DB9FA7E2705930A00B36E98 /* AlamofireImage */,
			);
			productName = AdaSuplai;
			productReference = B9D64CFA27030340000DDB95 /* AdaSuplai.app */;
			productType = "com.apple.product-type.application";
		};
		C3C94D8527059ABE00688485 /* AdaSuplaiTests */ = {
			isa = PBXNativeTarget;
			buildConfigurationList = C3C94D8E27059ABE00688485 /* Build configuration list for PBXNativeTarget "AdaSuplaiTests" */;
			buildPhases = (
				C3C94D8227059ABE00688485 /* Sources */,
				C3C94D8327059ABE00688485 /* Frameworks */,
				C3C94D8427059ABE00688485 /* Resources */,
			);
			buildRules = (
			);
			dependencies = (
				C3C94D8B27059ABE00688485 /* PBXTargetDependency */,
			);
			name = AdaSuplaiTests;
			productName = AdaSuplaiTests;
			productReference = C3C94D8627059ABE00688485 /* AdaSuplaiTests.xctest */;
			productType = "com.apple.product-type.bundle.unit-test";
		};
/* End PBXNativeTarget section */

/* Begin PBXProject section */
		B9D64CF227030340000DDB95 /* Project object */ = {
			isa = PBXProject;
			attributes = {
				BuildIndependentTargetsInParallel = 1;
				LastSwiftUpdateCheck = 1300;
				LastUpgradeCheck = 1300;
				TargetAttributes = {
					B9D64CF927030340000DDB95 = {
						CreatedOnToolsVersion = 13.0;
					};
					C3C94D8527059ABE00688485 = {
						CreatedOnToolsVersion = 13.0;
						TestTargetID = B9D64CF927030340000DDB95;
					};
				};
			};
			buildConfigurationList = B9D64CF527030340000DDB95 /* Build configuration list for PBXProject "AdaSuplai" */;
			compatibilityVersion = "Xcode 13.0";
			developmentRegion = en;
			hasScannedForEncodings = 0;
			knownRegions = (
				en,
				Base,
			);
			mainGroup = B9D64CF127030340000DDB95;
			packageReferences = (
				4DB9FA7A270592E400B36E98 /* XCRemoteSwiftPackageReference "Alamofire" */,
				4DB9FA7D2705930A00B36E98 /* XCRemoteSwiftPackageReference "AlamofireImage" */,
			);
			productRefGroup = B9D64CFB27030340000DDB95 /* Products */;
			projectDirPath = "";
			projectRoot = "";
			targets = (
				B9D64CF927030340000DDB95 /* AdaSuplai */,
				C3C94D8527059ABE00688485 /* AdaSuplaiTests */,
			);
		};
/* End PBXProject section */

/* Begin PBXResourcesBuildPhase section */
		B9D64CF827030340000DDB95 /* Resources */ = {
			isa = PBXResourcesBuildPhase;
			buildActionMask = 2147483647;
			files = (
				C366D2F62707212E00EF1E0C /* Authentication.storyboard in Resources */,
				C366D2DC2706F47E00EF1E0C /* HomeCategoryCollectionCell.xib in Resources */,
				C366D2F227071C7200EF1E0C /* TabBar.storyboard in Resources */,
				B9D64D0A27030341000DDB95 /* LaunchScreen.storyboard in Resources */,
				B9D64D0727030341000DDB95 /* Assets.xcassets in Resources */,
				C366D2DE2706F98700EF1E0C /* Home.storyboard in Resources */,
				C366D367270DA90B00EF1E0C /* SearchUpdaterLastSeenCell.xib in Resources */,
				C366D2D82706F39F00EF1E0C /* HomeCategoryCell.xib in Resources */,
				C366D363270DA7A100EF1E0C /* SearchUpdaterController.xib in Resources */,
				C366D2E42706FC0F00EF1E0C /* BannerPromoCell.xib in Resources */,
				B9D64D0527030340000DDB95 /* Main.storyboard in Resources */,
				C366D2EC2706FD5500EF1E0C /* BannerCollectionCell.xib in Resources */,
				C366D2E82706FD3C00EF1E0C /* HotProductCell.xib in Resources */,
				C366D2F0270700BE00EF1E0C /* HotProductCollectionCell.xib in Resources */,
			);
			runOnlyForDeploymentPostprocessing = 0;
		};
		C3C94D8427059ABE00688485 /* Resources */ = {
			isa = PBXResourcesBuildPhase;
			buildActionMask = 2147483647;
			files = (
			);
			runOnlyForDeploymentPostprocessing = 0;
		};
/* End PBXResourcesBuildPhase section */

/* Begin PBXShellScriptBuildPhase section */
		4DB9FA792704A19300B36E98 /* Run SwiftLint */ = {
			isa = PBXShellScriptBuildPhase;
			buildActionMask = 2147483647;
			files = (
			);
			inputFileListPaths = (
			);
			inputPaths = (
			);
			name = "Run SwiftLint";
			outputFileListPaths = (
			);
			outputPaths = (
			);
			runOnlyForDeploymentPostprocessing = 0;
			shellPath = /bin/sh;
			shellScript = "if which swiftlint >/dev/null; then\n  swiftlint\nelse\n  echo \"warning: SwiftLint not installed, download from https://github.com/realm/SwiftLint\"\nfi\n";
		};
/* End PBXShellScriptBuildPhase section */

/* Begin PBXSourcesBuildPhase section */
		B9D64CF627030340000DDB95 /* Sources */ = {
			isa = PBXSourcesBuildPhase;
			buildActionMask = 2147483647;
			files = (
				C3C94DA72705A07100688485 /* Model.swift in Sources */,
				C3C94D9627059C6400688485 /* AuthenticationViewModel.swift in Sources */,
				C366D2E72706FD3C00EF1E0C /* HotProductCell.swift in Sources */,
				C366D362270DA7A100EF1E0C /* SearchUpdaterController.swift in Sources */,
				C366D2E02706F9E700EF1E0C /* HomeController.swift in Sources */,
				C366D366270DA90B00EF1E0C /* SearchUpdaterLastSeenCell.swift in Sources */,
				C3C94D9A27059CF000688485 /* BaseViewModel.swift in Sources */,
				C3318D6C2706EF4E002294EC /* HomeViewModel.swift in Sources */,
				C366D2DB2706F47E00EF1E0C /* HomeCategoryCollectionCell.swift in Sources */,
				C366D2EB2706FD5500EF1E0C /* BannerCollectionCell.swift in Sources */,
				B9D64D0227030340000DDB95 /* MainController.swift in Sources */,
				C366D2F42707211C00EF1E0C /* AuthenticationController.swift in Sources */,
				C3C94DA027059ED500688485 /* Extension-Identifiable.swift in Sources */,
				C3C94DA227059F2700688485 /* Extension-UIView.swift in Sources */,
				C366D331270C3B5B00EF1E0C /* TabBarController.swift in Sources */,
				C366D2E32706FC0F00EF1E0C /* BannerPromoCell.swift in Sources */,
				C366D2D72706F39F00EF1E0C /* HomeCategoryCell.swift in Sources */,
				C3C94D9D27059D7C00688485 /* BaseUIViewController.swift in Sources */,
				B9D64CFE27030340000DDB95 /* AppDelegate.swift in Sources */,
				C366D2EF270700BE00EF1E0C /* HotProductCollectionCell.swift in Sources */,
				B9D64D0027030340000DDB95 /* SceneDelegate.swift in Sources */,
			);
			runOnlyForDeploymentPostprocessing = 0;
		};
		C3C94D8227059ABE00688485 /* Sources */ = {
			isa = PBXSourcesBuildPhase;
			buildActionMask = 2147483647;
			files = (
				C3C94D8927059ABE00688485 /* AdaSuplaiTests.swift in Sources */,
			);
			runOnlyForDeploymentPostprocessing = 0;
		};
/* End PBXSourcesBuildPhase section */

/* Begin PBXTargetDependency section */
		C3C94D8B27059ABE00688485 /* PBXTargetDependency */ = {
			isa = PBXTargetDependency;
			target = B9D64CF927030340000DDB95 /* AdaSuplai */;
			targetProxy = C3C94D8A27059ABE00688485 /* PBXContainerItemProxy */;
		};
/* End PBXTargetDependency section */

/* Begin PBXVariantGroup section */
		B9D64D0327030340000DDB95 /* Main.storyboard */ = {
			isa = PBXVariantGroup;
			children = (
				B9D64D0427030340000DDB95 /* Base */,
			);
			name = Main.storyboard;
			sourceTree = "<group>";
		};
		B9D64D0827030341000DDB95 /* LaunchScreen.storyboard */ = {
			isa = PBXVariantGroup;
			children = (
				B9D64D0927030341000DDB95 /* Base */,
			);
			name = LaunchScreen.storyboard;
			sourceTree = "<group>";
		};
/* End PBXVariantGroup section */

/* Begin XCBuildConfiguration section */
		B9D64D0C27030341000DDB95 /* Debug */ = {
			isa = XCBuildConfiguration;
			buildSettings = {
				ALWAYS_SEARCH_USER_PATHS = NO;
				CLANG_ANALYZER_NONNULL = YES;
				CLANG_ANALYZER_NUMBER_OBJECT_CONVERSION = YES_AGGRESSIVE;
				CLANG_CXX_LANGUAGE_STANDARD = "gnu++17";
				CLANG_CXX_LIBRARY = "libc++";
				CLANG_ENABLE_MODULES = YES;
				CLANG_ENABLE_OBJC_ARC = YES;
				CLANG_ENABLE_OBJC_WEAK = YES;
				CLANG_WARN_BLOCK_CAPTURE_AUTORELEASING = YES;
				CLANG_WARN_BOOL_CONVERSION = YES;
				CLANG_WARN_COMMA = YES;
				CLANG_WARN_CONSTANT_CONVERSION = YES;
				CLANG_WARN_DEPRECATED_OBJC_IMPLEMENTATIONS = YES;
				CLANG_WARN_DIRECT_OBJC_ISA_USAGE = YES_ERROR;
				CLANG_WARN_DOCUMENTATION_COMMENTS = YES;
				CLANG_WARN_EMPTY_BODY = YES;
				CLANG_WARN_ENUM_CONVERSION = YES;
				CLANG_WARN_INFINITE_RECURSION = YES;
				CLANG_WARN_INT_CONVERSION = YES;
				CLANG_WARN_NON_LITERAL_NULL_CONVERSION = YES;
				CLANG_WARN_OBJC_IMPLICIT_RETAIN_SELF = YES;
				CLANG_WARN_OBJC_LITERAL_CONVERSION = YES;
				CLANG_WARN_OBJC_ROOT_CLASS = YES_ERROR;
				CLANG_WARN_QUOTED_INCLUDE_IN_FRAMEWORK_HEADER = YES;
				CLANG_WARN_RANGE_LOOP_ANALYSIS = YES;
				CLANG_WARN_STRICT_PROTOTYPES = YES;
				CLANG_WARN_SUSPICIOUS_MOVE = YES;
				CLANG_WARN_UNGUARDED_AVAILABILITY = YES_AGGRESSIVE;
				CLANG_WARN_UNREACHABLE_CODE = YES;
				CLANG_WARN__DUPLICATE_METHOD_MATCH = YES;
				COPY_PHASE_STRIP = NO;
				DEBUG_INFORMATION_FORMAT = dwarf;
				ENABLE_STRICT_OBJC_MSGSEND = YES;
				ENABLE_TESTABILITY = YES;
				GCC_C_LANGUAGE_STANDARD = gnu11;
				GCC_DYNAMIC_NO_PIC = NO;
				GCC_NO_COMMON_BLOCKS = YES;
				GCC_OPTIMIZATION_LEVEL = 0;
				GCC_PREPROCESSOR_DEFINITIONS = (
					"DEBUG=1",
					"$(inherited)",
				);
				GCC_WARN_64_TO_32_BIT_CONVERSION = YES;
				GCC_WARN_ABOUT_RETURN_TYPE = YES_ERROR;
				GCC_WARN_UNDECLARED_SELECTOR = YES;
				GCC_WARN_UNINITIALIZED_AUTOS = YES_AGGRESSIVE;
				GCC_WARN_UNUSED_FUNCTION = YES;
				GCC_WARN_UNUSED_VARIABLE = YES;
				IPHONEOS_DEPLOYMENT_TARGET = 15.0;
				MTL_ENABLE_DEBUG_INFO = INCLUDE_SOURCE;
				MTL_FAST_MATH = YES;
				ONLY_ACTIVE_ARCH = YES;
				SDKROOT = iphoneos;
				SWIFT_ACTIVE_COMPILATION_CONDITIONS = DEBUG;
				SWIFT_OPTIMIZATION_LEVEL = "-Onone";
			};
			name = Debug;
		};
		B9D64D0D27030341000DDB95 /* Release */ = {
			isa = XCBuildConfiguration;
			buildSettings = {
				ALWAYS_SEARCH_USER_PATHS = NO;
				CLANG_ANALYZER_NONNULL = YES;
				CLANG_ANALYZER_NUMBER_OBJECT_CONVERSION = YES_AGGRESSIVE;
				CLANG_CXX_LANGUAGE_STANDARD = "gnu++17";
				CLANG_CXX_LIBRARY = "libc++";
				CLANG_ENABLE_MODULES = YES;
				CLANG_ENABLE_OBJC_ARC = YES;
				CLANG_ENABLE_OBJC_WEAK = YES;
				CLANG_WARN_BLOCK_CAPTURE_AUTORELEASING = YES;
				CLANG_WARN_BOOL_CONVERSION = YES;
				CLANG_WARN_COMMA = YES;
				CLANG_WARN_CONSTANT_CONVERSION = YES;
				CLANG_WARN_DEPRECATED_OBJC_IMPLEMENTATIONS = YES;
				CLANG_WARN_DIRECT_OBJC_ISA_USAGE = YES_ERROR;
				CLANG_WARN_DOCUMENTATION_COMMENTS = YES;
				CLANG_WARN_EMPTY_BODY = YES;
				CLANG_WARN_ENUM_CONVERSION = YES;
				CLANG_WARN_INFINITE_RECURSION = YES;
				CLANG_WARN_INT_CONVERSION = YES;
				CLANG_WARN_NON_LITERAL_NULL_CONVERSION = YES;
				CLANG_WARN_OBJC_IMPLICIT_RETAIN_SELF = YES;
				CLANG_WARN_OBJC_LITERAL_CONVERSION = YES;
				CLANG_WARN_OBJC_ROOT_CLASS = YES_ERROR;
				CLANG_WARN_QUOTED_INCLUDE_IN_FRAMEWORK_HEADER = YES;
				CLANG_WARN_RANGE_LOOP_ANALYSIS = YES;
				CLANG_WARN_STRICT_PROTOTYPES = YES;
				CLANG_WARN_SUSPICIOUS_MOVE = YES;
				CLANG_WARN_UNGUARDED_AVAILABILITY = YES_AGGRESSIVE;
				CLANG_WARN_UNREACHABLE_CODE = YES;
				CLANG_WARN__DUPLICATE_METHOD_MATCH = YES;
				COPY_PHASE_STRIP = NO;
				DEBUG_INFORMATION_FORMAT = "dwarf-with-dsym";
				ENABLE_NS_ASSERTIONS = NO;
				ENABLE_STRICT_OBJC_MSGSEND = YES;
				GCC_C_LANGUAGE_STANDARD = gnu11;
				GCC_NO_COMMON_BLOCKS = YES;
				GCC_WARN_64_TO_32_BIT_CONVERSION = YES;
				GCC_WARN_ABOUT_RETURN_TYPE = YES_ERROR;
				GCC_WARN_UNDECLARED_SELECTOR = YES;
				GCC_WARN_UNINITIALIZED_AUTOS = YES_AGGRESSIVE;
				GCC_WARN_UNUSED_FUNCTION = YES;
				GCC_WARN_UNUSED_VARIABLE = YES;
				IPHONEOS_DEPLOYMENT_TARGET = 15.0;
				MTL_ENABLE_DEBUG_INFO = NO;
				MTL_FAST_MATH = YES;
				SDKROOT = iphoneos;
				SWIFT_COMPILATION_MODE = wholemodule;
				SWIFT_OPTIMIZATION_LEVEL = "-O";
				VALIDATE_PRODUCT = YES;
			};
			name = Release;
		};
		B9D64D0F27030341000DDB95 /* Debug */ = {
			isa = XCBuildConfiguration;
			buildSettings = {
				ASSETCATALOG_COMPILER_APPICON_NAME = AppIcon;
				ASSETCATALOG_COMPILER_GLOBAL_ACCENT_COLOR_NAME = AccentColor;
				CODE_SIGN_STYLE = Automatic;
				CURRENT_PROJECT_VERSION = 1;
				GENERATE_INFOPLIST_FILE = YES;
				INFOPLIST_FILE = "AdaSuplai/Main Resource/Info.plist";
				INFOPLIST_KEY_UIApplicationSupportsIndirectInputEvents = YES;
				INFOPLIST_KEY_UILaunchStoryboardName = LaunchScreen;
				INFOPLIST_KEY_UIMainStoryboardFile = Main;
				INFOPLIST_KEY_UISupportedInterfaceOrientations_iPad = "UIInterfaceOrientationPortrait UIInterfaceOrientationPortraitUpsideDown UIInterfaceOrientationLandscapeLeft UIInterfaceOrientationLandscapeRight";
				INFOPLIST_KEY_UISupportedInterfaceOrientations_iPhone = "UIInterfaceOrientationPortrait UIInterfaceOrientationLandscapeLeft UIInterfaceOrientationLandscapeRight";
				LD_RUNPATH_SEARCH_PATHS = (
					"$(inherited)",
					"@executable_path/Frameworks",
				);
				MARKETING_VERSION = 1.0;
				PRODUCT_BUNDLE_IDENTIFIER = SuperTeam.AdaSuplai;
				PRODUCT_NAME = "$(TARGET_NAME)";
				SWIFT_EMIT_LOC_STRINGS = YES;
				SWIFT_VERSION = 5.0;
				TARGETED_DEVICE_FAMILY = "1,2";
			};
			name = Debug;
		};
		B9D64D1027030341000DDB95 /* Release */ = {
			isa = XCBuildConfiguration;
			buildSettings = {
				ASSETCATALOG_COMPILER_APPICON_NAME = AppIcon;
				ASSETCATALOG_COMPILER_GLOBAL_ACCENT_COLOR_NAME = AccentColor;
				CODE_SIGN_STYLE = Automatic;
				CURRENT_PROJECT_VERSION = 1;
				GENERATE_INFOPLIST_FILE = YES;
				INFOPLIST_FILE = "AdaSuplai/Main Resource/Info.plist";
				INFOPLIST_KEY_UIApplicationSupportsIndirectInputEvents = YES;
				INFOPLIST_KEY_UILaunchStoryboardName = LaunchScreen;
				INFOPLIST_KEY_UIMainStoryboardFile = Main;
				INFOPLIST_KEY_UISupportedInterfaceOrientations_iPad = "UIInterfaceOrientationPortrait UIInterfaceOrientationPortraitUpsideDown UIInterfaceOrientationLandscapeLeft UIInterfaceOrientationLandscapeRight";
				INFOPLIST_KEY_UISupportedInterfaceOrientations_iPhone = "UIInterfaceOrientationPortrait UIInterfaceOrientationLandscapeLeft UIInterfaceOrientationLandscapeRight";
				LD_RUNPATH_SEARCH_PATHS = (
					"$(inherited)",
					"@executable_path/Frameworks",
				);
				MARKETING_VERSION = 1.0;
				PRODUCT_BUNDLE_IDENTIFIER = SuperTeam.AdaSuplai;
				PRODUCT_NAME = "$(TARGET_NAME)";
				SWIFT_EMIT_LOC_STRINGS = YES;
				SWIFT_VERSION = 5.0;
				TARGETED_DEVICE_FAMILY = "1,2";
			};
			name = Release;
		};
		C3C94D8C27059ABE00688485 /* Debug */ = {
			isa = XCBuildConfiguration;
			buildSettings = {
				BUNDLE_LOADER = "$(TEST_HOST)";
				CODE_SIGN_STYLE = Automatic;
				CURRENT_PROJECT_VERSION = 1;
				DEVELOPMENT_TEAM = 5DY684J9X8;
				GENERATE_INFOPLIST_FILE = YES;
				LD_RUNPATH_SEARCH_PATHS = (
					"$(inherited)",
					"@executable_path/Frameworks",
					"@loader_path/Frameworks",
				);
				MARKETING_VERSION = 1.0;
				PRODUCT_BUNDLE_IDENTIFIER = com.dimasprabowo.AdaSuplaiTests;
				PRODUCT_NAME = "$(TARGET_NAME)";
				SWIFT_EMIT_LOC_STRINGS = NO;
				SWIFT_VERSION = 5.0;
				TARGETED_DEVICE_FAMILY = "1,2";
				TEST_HOST = "$(BUILT_PRODUCTS_DIR)/AdaSuplai.app/AdaSuplai";
			};
			name = Debug;
		};
		C3C94D8D27059ABE00688485 /* Release */ = {
			isa = XCBuildConfiguration;
			buildSettings = {
				BUNDLE_LOADER = "$(TEST_HOST)";
				CODE_SIGN_STYLE = Automatic;
				CURRENT_PROJECT_VERSION = 1;
				DEVELOPMENT_TEAM = 5DY684J9X8;
				GENERATE_INFOPLIST_FILE = YES;
				LD_RUNPATH_SEARCH_PATHS = (
					"$(inherited)",
					"@executable_path/Frameworks",
					"@loader_path/Frameworks",
				);
				MARKETING_VERSION = 1.0;
				PRODUCT_BUNDLE_IDENTIFIER = com.dimasprabowo.AdaSuplaiTests;
				PRODUCT_NAME = "$(TARGET_NAME)";
				SWIFT_EMIT_LOC_STRINGS = NO;
				SWIFT_VERSION = 5.0;
				TARGETED_DEVICE_FAMILY = "1,2";
				TEST_HOST = "$(BUILT_PRODUCTS_DIR)/AdaSuplai.app/AdaSuplai";
			};
			name = Release;
		};
/* End XCBuildConfiguration section */

/* Begin XCConfigurationList section */
		B9D64CF527030340000DDB95 /* Build configuration list for PBXProject "AdaSuplai" */ = {
			isa = XCConfigurationList;
			buildConfigurations = (
				B9D64D0C27030341000DDB95 /* Debug */,
				B9D64D0D27030341000DDB95 /* Release */,
			);
			defaultConfigurationIsVisible = 0;
			defaultConfigurationName = Release;
		};
		B9D64D0E27030341000DDB95 /* Build configuration list for PBXNativeTarget "AdaSuplai" */ = {
			isa = XCConfigurationList;
			buildConfigurations = (
				B9D64D0F27030341000DDB95 /* Debug */,
				B9D64D1027030341000DDB95 /* Release */,
			);
			defaultConfigurationIsVisible = 0;
			defaultConfigurationName = Release;
		};
		C3C94D8E27059ABE00688485 /* Build configuration list for PBXNativeTarget "AdaSuplaiTests" */ = {
			isa = XCConfigurationList;
			buildConfigurations = (
				C3C94D8C27059ABE00688485 /* Debug */,
				C3C94D8D27059ABE00688485 /* Release */,
			);
			defaultConfigurationIsVisible = 0;
			defaultConfigurationName = Release;
		};
/* End XCConfigurationList section */

/* Begin XCRemoteSwiftPackageReference section */
		4DB9FA7A270592E400B36E98 /* XCRemoteSwiftPackageReference "Alamofire" */ = {
			isa = XCRemoteSwiftPackageReference;
			repositoryURL = "https://github.com/Alamofire/Alamofire";
			requirement = {
				kind = upToNextMajorVersion;
				minimumVersion = 5.0.0;
			};
		};
		4DB9FA7D2705930A00B36E98 /* XCRemoteSwiftPackageReference "AlamofireImage" */ = {
			isa = XCRemoteSwiftPackageReference;
			repositoryURL = "https://github.com/Alamofire/AlamofireImage";
			requirement = {
				kind = upToNextMajorVersion;
				minimumVersion = 4.0.0;
			};
		};
/* End XCRemoteSwiftPackageReference section */

/* Begin XCSwiftPackageProductDependency section */
		4DB9FA7B270592E400B36E98 /* Alamofire */ = {
			isa = XCSwiftPackageProductDependency;
			package = 4DB9FA7A270592E400B36E98 /* XCRemoteSwiftPackageReference "Alamofire" */;
			productName = Alamofire;
		};
		4DB9FA7E2705930A00B36E98 /* AlamofireImage */ = {
			isa = XCSwiftPackageProductDependency;
			package = 4DB9FA7D2705930A00B36E98 /* XCRemoteSwiftPackageReference "AlamofireImage" */;
			productName = AlamofireImage;
		};
/* End XCSwiftPackageProductDependency section */
	};
	rootObject = B9D64CF227030340000DDB95 /* Project object */;
}
